
Microsoft Visual Studio Solution File, Format Version 12.00
# Visual Studio Version 17
VisualStudioVersion = 17.14.36109.1 d17.14
MinimumVisualStudioVersion = 10.0.40219.1
Project("{FAE04EC0-301F-11D3-BF4B-00C04F79EFBC}") = "ChepeBuscado", "ChepeBuscado.csproj", "{665EE5FE-0E42-4675-8A42-D9553ACCA31B}"
EndProject
Global
	GlobalSection(SolutionConfigurationPlatforms) = preSolution
		Debug|Any CPU = Debug|Any CPU
		Release|Any CPU = Release|Any CPU
	EndGlobalSection
	GlobalSection(ProjectConfigurationPlatforms) = postSolution
		{665EE5FE-0E42-4675-8A42-D9553ACCA31B}.Debug|Any CPU.ActiveCfg = Debug|Any CPU
		{665EE5FE-0E42-4675-8A42-D9553ACCA31B}.Debug|Any CPU.Build.0 = Debug|Any CPU
		{665EE5FE-0E42-4675-8A42-D9553ACCA31B}.Release|Any CPU.ActiveCfg = Release|Any CPU
		{665EE5FE-0E42-4675-8A42-D9553ACCA31B}.Release|Any CPU.Build.0 = Release|Any CPU
	EndGlobalSection
	GlobalSection(SolutionProperties) = preSolution
		HideSolutionNode = FALSE
	EndGlobalSection
	GlobalSection(ExtensibilityGlobals) = postSolution
		SolutionGuid = {66BFF171-36CF-493C-A224-821404702911}
	EndGlobalSection
EndGlobal
